// !$*UTF8*$!
{
	archiveVersion = 1;
	classes = {
	};
	objectVersion = 50;
	objects = {

/* Begin PBXBuildFile section */
		A9FFDE7821483A0500FF0CED /* AppDelegate.swift in Sources */ = {isa = PBXBuildFile; fileRef = A9FFDE7721483A0500FF0CED /* AppDelegate.swift */; };
		A9FFDE7A21483A0500FF0CED /* ViewController.swift in Sources */ = {isa = PBXBuildFile; fileRef = A9FFDE7921483A0500FF0CED /* ViewController.swift */; };
		A9FFDE7D21483A0500FF0CED /* Main.storyboard in Resources */ = {isa = PBXBuildFile; fileRef = A9FFDE7B21483A0500FF0CED /* Main.storyboard */; };
		A9FFDE7F21483A0700FF0CED /* Assets.xcassets in Resources */ = {isa = PBXBuildFile; fileRef = A9FFDE7E21483A0700FF0CED /* Assets.xcassets */; };
		A9FFDE8221483A0700FF0CED /* LaunchScreen.storyboard in Resources */ = {isa = PBXBuildFile; fileRef = A9FFDE8021483A0700FF0CED /* LaunchScreen.storyboard */; };
		A9FFDE8D21483A0700FF0CED /* voxreducer_swiftTests.swift in Sources */ = {isa = PBXBuildFile; fileRef = A9FFDE8C21483A0700FF0CED /* voxreducer_swiftTests.swift */; };
		A9FFDE9821483A0700FF0CED /* voxreducer_swiftUITests.swift in Sources */ = {isa = PBXBuildFile; fileRef = A9FFDE9721483A0700FF0CED /* voxreducer_swiftUITests.swift */; };
		A9FFDEAB21483D4C00FF0CED /* PlaybackViewController.swift in Sources */ = {isa = PBXBuildFile; fileRef = A9FFDEA921483D4C00FF0CED /* PlaybackViewController.swift */; };
		A9FFDEAC21483D4C00FF0CED /* PlaybackViewController.xib in Resources */ = {isa = PBXBuildFile; fileRef = A9FFDEAA21483D4C00FF0CED /* PlaybackViewController.xib */; };
/* End PBXBuildFile section */

/* Begin PBXContainerItemProxy section */
		A9FFDE8921483A0700FF0CED /* PBXContainerItemProxy */ = {
			isa = PBXContainerItemProxy;
			containerPortal = A9FFDE6C21483A0500FF0CED /* Project object */;
			proxyType = 1;
			remoteGlobalIDString = A9FFDE7321483A0500FF0CED;
			remoteInfo = "voxreducer-swift";
		};
		A9FFDE9421483A0700FF0CED /* PBXContainerItemProxy */ = {
			isa = PBXContainerItemProxy;
			containerPortal = A9FFDE6C21483A0500FF0CED /* Project object */;
			proxyType = 1;
			remoteGlobalIDString = A9FFDE7321483A0500FF0CED;
			remoteInfo = "voxreducer-swift";
		};
/* End PBXContainerItemProxy section */

/* Begin PBXFileReference section */
		A9FFDE7421483A0500FF0CED /* voxreducer-swift.app */ = {isa = PBXFileReference; explicitFileType = wrapper.application; includeInIndex = 0; path = "voxreducer-swift.app"; sourceTree = BUILT_PRODUCTS_DIR; };
		A9FFDE7721483A0500FF0CED /* AppDelegate.swift */ = {isa = PBXFileReference; lastKnownFileType = sourcecode.swift; path = AppDelegate.swift; sourceTree = "<group>"; };
		A9FFDE7921483A0500FF0CED /* ViewController.swift */ = {isa = PBXFileReference; lastKnownFileType = sourcecode.swift; path = ViewController.swift; sourceTree = "<group>"; };
		A9FFDE7C21483A0500FF0CED /* Base */ = {isa = PBXFileReference; lastKnownFileType = file.storyboard; name = Base; path = Base.lproj/Main.storyboard; sourceTree = "<group>"; };
		A9FFDE7E21483A0700FF0CED /* Assets.xcassets */ = {isa = PBXFileReference; lastKnownFileType = folder.assetcatalog; path = Assets.xcassets; sourceTree = "<group>"; };
		A9FFDE8121483A0700FF0CED /* Base */ = {isa = PBXFileReference; lastKnownFileType = file.storyboard; name = Base; path = Base.lproj/LaunchScreen.storyboard; sourceTree = "<group>"; };
		A9FFDE8321483A0700FF0CED /* Info.plist */ = {isa = PBXFileReference; lastKnownFileType = text.plist.xml; path = Info.plist; sourceTree = "<group>"; };
		A9FFDE8821483A0700FF0CED /* voxreducer-swiftTests.xctest */ = {isa = PBXFileReference; explicitFileType = wrapper.cfbundle; includeInIndex = 0; path = "voxreducer-swiftTests.xctest"; sourceTree = BUILT_PRODUCTS_DIR; };
		A9FFDE8C21483A0700FF0CED /* voxreducer_swiftTests.swift */ = {isa = PBXFileReference; lastKnownFileType = sourcecode.swift; path = voxreducer_swiftTests.swift; sourceTree = "<group>"; };
		A9FFDE8E21483A0700FF0CED /* Info.plist */ = {isa = PBXFileReference; lastKnownFileType = text.plist.xml; path = Info.plist; sourceTree = "<group>"; };
		A9FFDE9321483A0700FF0CED /* voxreducer-swiftUITests.xctest */ = {isa = PBXFileReference; explicitFileType = wrapper.cfbundle; includeInIndex = 0; path = "voxreducer-swiftUITests.xctest"; sourceTree = BUILT_PRODUCTS_DIR; };
		A9FFDE9721483A0700FF0CED /* voxreducer_swiftUITests.swift */ = {isa = PBXFileReference; lastKnownFileType = sourcecode.swift; path = voxreducer_swiftUITests.swift; sourceTree = "<group>"; };
		A9FFDE9921483A0700FF0CED /* Info.plist */ = {isa = PBXFileReference; lastKnownFileType = text.plist.xml; path = Info.plist; sourceTree = "<group>"; };
		A9FFDEA921483D4C00FF0CED /* PlaybackViewController.swift */ = {isa = PBXFileReference; lastKnownFileType = sourcecode.swift; path = PlaybackViewController.swift; sourceTree = "<group>"; };
		A9FFDEAA21483D4C00FF0CED /* PlaybackViewController.xib */ = {isa = PBXFileReference; lastKnownFileType = file.xib; path = PlaybackViewController.xib; sourceTree = "<group>"; };
/* End PBXFileReference section */

/* Begin PBXFrameworksBuildPhase section */
		A9FFDE7121483A0500FF0CED /* Frameworks */ = {
			isa = PBXFrameworksBuildPhase;
			buildActionMask = 2147483647;
			files = (
			);
			runOnlyForDeploymentPostprocessing = 0;
		};
		A9FFDE8521483A0700FF0CED /* Frameworks */ = {
			isa = PBXFrameworksBuildPhase;
			buildActionMask = 2147483647;
			files = (
			);
			runOnlyForDeploymentPostprocessing = 0;
		};
		A9FFDE9021483A0700FF0CED /* Frameworks */ = {
			isa = PBXFrameworksBuildPhase;
			buildActionMask = 2147483647;
			files = (
			);
			runOnlyForDeploymentPostprocessing = 0;
		};
/* End PBXFrameworksBuildPhase section */

/* Begin PBXGroup section */
		A9FFDE6B21483A0500FF0CED = {
			isa = PBXGroup;
			children = (
				A9FFDE7621483A0500FF0CED /* voxreducer-swift */,
				A9FFDE8B21483A0700FF0CED /* voxreducer-swiftTests */,
				A9FFDE9621483A0700FF0CED /* voxreducer-swiftUITests */,
				A9FFDE7521483A0500FF0CED /* Products */,
			);
			sourceTree = "<group>";
		};
		A9FFDE7521483A0500FF0CED /* Products */ = {
			isa = PBXGroup;
			children = (
				A9FFDE7421483A0500FF0CED /* voxreducer-swift.app */,
				A9FFDE8821483A0700FF0CED /* voxreducer-swiftTests.xctest */,
				A9FFDE9321483A0700FF0CED /* voxreducer-swiftUITests.xctest */,
			);
			name = Products;
			sourceTree = "<group>";
		};
		A9FFDE7621483A0500FF0CED /* voxreducer-swift */ = {
			isa = PBXGroup;
			children = (
				A9FFDEA721483D0700FF0CED /* Controller */,
				A9FFDEA621483CF900FF0CED /* View */,
				A9FFDEA521483CEF00FF0CED /* Model */,
				A9FFDE7721483A0500FF0CED /* AppDelegate.swift */,
				A9FFDE7B21483A0500FF0CED /* Main.storyboard */,
				A9FFDE7E21483A0700FF0CED /* Assets.xcassets */,
				A9FFDE8021483A0700FF0CED /* LaunchScreen.storyboard */,
				A9FFDE8321483A0700FF0CED /* Info.plist */,
			);
			path = "voxreducer-swift";
			sourceTree = "<group>";
		};
		A9FFDE8B21483A0700FF0CED /* voxreducer-swiftTests */ = {
			isa = PBXGroup;
			children = (
				A9FFDE8C21483A0700FF0CED /* voxreducer_swiftTests.swift */,
				A9FFDE8E21483A0700FF0CED /* Info.plist */,
			);
			path = "voxreducer-swiftTests";
			sourceTree = "<group>";
		};
		A9FFDE9621483A0700FF0CED /* voxreducer-swiftUITests */ = {
			isa = PBXGroup;
			children = (
				A9FFDE9721483A0700FF0CED /* voxreducer_swiftUITests.swift */,
				A9FFDE9921483A0700FF0CED /* Info.plist */,
			);
			path = "voxreducer-swiftUITests";
			sourceTree = "<group>";
		};
		A9FFDEA521483CEF00FF0CED /* Model */ = {
			isa = PBXGroup;
			children = (
			);
			path = Model;
			sourceTree = "<group>";
		};
		A9FFDEA621483CF900FF0CED /* View */ = {
			isa = PBXGroup;
			children = (
				A9FFDEA821483D1600FF0CED /* Xib */,
			);
			path = View;
			sourceTree = "<group>";
		};
		A9FFDEA721483D0700FF0CED /* Controller */ = {
			isa = PBXGroup;
			children = (
				A9FFDE7921483A0500FF0CED /* ViewController.swift */,
				A9FFDEA921483D4C00FF0CED /* PlaybackViewController.swift */,
			);
			path = Controller;
			sourceTree = "<group>";
		};
		A9FFDEA821483D1600FF0CED /* Xib */ = {
			isa = PBXGroup;
			children = (
				A9FFDEAA21483D4C00FF0CED /* PlaybackViewController.xib */,
			);
			path = Xib;
			sourceTree = "<group>";
		};
/* End PBXGroup section */

/* Begin PBXNativeTarget section */
		A9FFDE7321483A0500FF0CED /* voxreducer-swift */ = {
			isa = PBXNativeTarget;
			buildConfigurationList = A9FFDE9C21483A0700FF0CED /* Build configuration list for PBXNativeTarget "voxreducer-swift" */;
			buildPhases = (
				A9FFDE7021483A0500FF0CED /* Sources */,
				A9FFDE7121483A0500FF0CED /* Frameworks */,
				A9FFDE7221483A0500FF0CED /* Resources */,
			);
			buildRules = (
			);
			dependencies = (
			);
			name = "voxreducer-swift";
			productName = "voxreducer-swift";
			productReference = A9FFDE7421483A0500FF0CED /* voxreducer-swift.app */;
			productType = "com.apple.product-type.application";
		};
		A9FFDE8721483A0700FF0CED /* voxreducer-swiftTests */ = {
			isa = PBXNativeTarget;
			buildConfigurationList = A9FFDE9F21483A0700FF0CED /* Build configuration list for PBXNativeTarget "voxreducer-swiftTests" */;
			buildPhases = (
				A9FFDE8421483A0700FF0CED /* Sources */,
				A9FFDE8521483A0700FF0CED /* Frameworks */,
				A9FFDE8621483A0700FF0CED /* Resources */,
			);
			buildRules = (
			);
			dependencies = (
				A9FFDE8A21483A0700FF0CED /* PBXTargetDependency */,
			);
			name = "voxreducer-swiftTests";
			productName = "voxreducer-swiftTests";
			productReference = A9FFDE8821483A0700FF0CED /* voxreducer-swiftTests.xctest */;
			productType = "com.apple.product-type.bundle.unit-test";
		};
		A9FFDE9221483A0700FF0CED /* voxreducer-swiftUITests */ = {
			isa = PBXNativeTarget;
			buildConfigurationList = A9FFDEA221483A0700FF0CED /* Build configuration list for PBXNativeTarget "voxreducer-swiftUITests" */;
			buildPhases = (
				A9FFDE8F21483A0700FF0CED /* Sources */,
				A9FFDE9021483A0700FF0CED /* Frameworks */,
				A9FFDE9121483A0700FF0CED /* Resources */,
			);
			buildRules = (
			);
			dependencies = (
				A9FFDE9521483A0700FF0CED /* PBXTargetDependency */,
			);
			name = "voxreducer-swiftUITests";
			productName = "voxreducer-swiftUITests";
			productReference = A9FFDE9321483A0700FF0CED /* voxreducer-swiftUITests.xctest */;
			productType = "com.apple.product-type.bundle.ui-testing";
		};
/* End PBXNativeTarget section */

/* Begin PBXProject section */
		A9FFDE6C21483A0500FF0CED /* Project object */ = {
			isa = PBXProject;
			attributes = {
				LastSwiftUpdateCheck = 0940;
				LastUpgradeCheck = 0940;
				ORGANIZATIONNAME = "William Seaman";
				TargetAttributes = {
					A9FFDE7321483A0500FF0CED = {
						CreatedOnToolsVersion = 9.4.1;
					};
					A9FFDE8721483A0700FF0CED = {
						CreatedOnToolsVersion = 9.4.1;
						TestTargetID = A9FFDE7321483A0500FF0CED;
					};
					A9FFDE9221483A0700FF0CED = {
						CreatedOnToolsVersion = 9.4.1;
						TestTargetID = A9FFDE7321483A0500FF0CED;
					};
				};
			};
			buildConfigurationList = A9FFDE6F21483A0500FF0CED /* Build configuration list for PBXProject "voxreducer-swift" */;
			compatibilityVersion = "Xcode 9.3";
			developmentRegion = en;
			hasScannedForEncodings = 0;
			knownRegions = (
				en,
				Base,
			);
			mainGroup = A9FFDE6B21483A0500FF0CED;
			productRefGroup = A9FFDE7521483A0500FF0CED /* Products */;
			projectDirPath = "";
			projectRoot = "";
			targets = (
				A9FFDE7321483A0500FF0CED /* voxreducer-swift */,
				A9FFDE8721483A0700FF0CED /* voxreducer-swiftTests */,
				A9FFDE9221483A0700FF0CED /* voxreducer-swiftUITests */,
			);
		};
/* End PBXProject section */

/* Begin PBXResourcesBuildPhase section */
		A9FFDE7221483A0500FF0CED /* Resources */ = {
			isa = PBXResourcesBuildPhase;
			buildActionMask = 2147483647;
			files = (
				A9FFDE8221483A0700FF0CED /* LaunchScreen.storyboard in Resources */,
				A9FFDEAC21483D4C00FF0CED /* PlaybackViewController.xib in Resources */,
				A9FFDE7F21483A0700FF0CED /* Assets.xcassets in Resources */,
				A9FFDE7D21483A0500FF0CED /* Main.storyboard in Resources */,
			);
			runOnlyForDeploymentPostprocessing = 0;
		};
		A9FFDE8621483A0700FF0CED /* Resources */ = {
			isa = PBXResourcesBuildPhase;
			buildActionMask = 2147483647;
			files = (
			);
			runOnlyForDeploymentPostprocessing = 0;
		};
		A9FFDE9121483A0700FF0CED /* Resources */ = {
			isa = PBXResourcesBuildPhase;
			buildActionMask = 2147483647;
			files = (
			);
			runOnlyForDeploymentPostprocessing = 0;
		};
/* End PBXResourcesBuildPhase section */

/* Begin PBXSourcesBuildPhase section */
		A9FFDE7021483A0500FF0CED /* Sources */ = {
			isa = PBXSourcesBuildPhase;
			buildActionMask = 2147483647;
			files = (
				A9FFDEAB21483D4C00FF0CED /* PlaybackViewController.swift in Sources */,
				A9FFDE7A21483A0500FF0CED /* ViewController.swift in Sources */,
				A9FFDE7821483A0500FF0CED /* AppDelegate.swift in Sources */,
			);
			runOnlyForDeploymentPostprocessing = 0;
		};
		A9FFDE8421483A0700FF0CED /* Sources */ = {
			isa = PBXSourcesBuildPhase;
			buildActionMask = 2147483647;
			files = (
				A9FFDE8D21483A0700FF0CED /* voxreducer_swiftTests.swift in Sources */,
			);
			runOnlyForDeploymentPostprocessing = 0;
		};
		A9FFDE8F21483A0700FF0CED /* Sources */ = {
			isa = PBXSourcesBuildPhase;
			buildActionMask = 2147483647;
			files = (
				A9FFDE9821483A0700FF0CED /* voxreducer_swiftUITests.swift in Sources */,
			);
			runOnlyForDeploymentPostprocessing = 0;
		};
/* End PBXSourcesBuildPhase section */

/* Begin PBXTargetDependency section */
		A9FFDE8A21483A0700FF0CED /* PBXTargetDependency */ = {
			isa = PBXTargetDependency;
			target = A9FFDE7321483A0500FF0CED /* voxreducer-swift */;
			targetProxy = A9FFDE8921483A0700FF0CED /* PBXContainerItemProxy */;
		};
		A9FFDE9521483A0700FF0CED /* PBXTargetDependency */ = {
			isa = PBXTargetDependency;
			target = A9FFDE7321483A0500FF0CED /* voxreducer-swift */;
			targetProxy = A9FFDE9421483A0700FF0CED /* PBXContainerItemProxy */;
		};
/* End PBXTargetDependency section */

/* Begin PBXVariantGroup section */
		A9FFDE7B21483A0500FF0CED /* Main.storyboard */ = {
			isa = PBXVariantGroup;
			children = (
				A9FFDE7C21483A0500FF0CED /* Base */,
			);
			name = Main.storyboard;
			sourceTree = "<group>";
		};
		A9FFDE8021483A0700FF0CED /* LaunchScreen.storyboard */ = {
			isa = PBXVariantGroup;
			children = (
				A9FFDE8121483A0700FF0CED /* Base */,
			);
			name = LaunchScreen.storyboard;
			sourceTree = "<group>";
		};
/* End PBXVariantGroup section */

/* Begin XCBuildConfiguration section */
		A9FFDE9A21483A0700FF0CED /* Debug */ = {
			isa = XCBuildConfiguration;
			buildSettings = {
				ALWAYS_SEARCH_USER_PATHS = NO;
				CLANG_ANALYZER_NONNULL = YES;
				CLANG_ANALYZER_NUMBER_OBJECT_CONVERSION = YES_AGGRESSIVE;
				CLANG_CXX_LANGUAGE_STANDARD = "gnu++14";
				CLANG_CXX_LIBRARY = "libc++";
				CLANG_ENABLE_MODULES = YES;
				CLANG_ENABLE_OBJC_ARC = YES;
				CLANG_ENABLE_OBJC_WEAK = YES;
				CLANG_WARN_BLOCK_CAPTURE_AUTORELEASING = YES;
				CLANG_WARN_BOOL_CONVERSION = YES;
				CLANG_WARN_COMMA = YES;
				CLANG_WARN_CONSTANT_CONVERSION = YES;
				CLANG_WARN_DEPRECATED_OBJC_IMPLEMENTATIONS = YES;
				CLANG_WARN_DIRECT_OBJC_ISA_USAGE = YES_ERROR;
				CLANG_WARN_DOCUMENTATION_COMMENTS = YES;
				CLANG_WARN_EMPTY_BODY = YES;
				CLANG_WARN_ENUM_CONVERSION = YES;
				CLANG_WARN_INFINITE_RECURSION = YES;
				CLANG_WARN_INT_CONVERSION = YES;
				CLANG_WARN_NON_LITERAL_NULL_CONVERSION = YES;
				CLANG_WARN_OBJC_IMPLICIT_RETAIN_SELF = YES;
				CLANG_WARN_OBJC_LITERAL_CONVERSION = YES;
				CLANG_WARN_OBJC_ROOT_CLASS = YES_ERROR;
				CLANG_WARN_RANGE_LOOP_ANALYSIS = YES;
				CLANG_WARN_STRICT_PROTOTYPES = YES;
				CLANG_WARN_SUSPICIOUS_MOVE = YES;
				CLANG_WARN_UNGUARDED_AVAILABILITY = YES_AGGRESSIVE;
				CLANG_WARN_UNREACHABLE_CODE = YES;
				CLANG_WARN__DUPLICATE_METHOD_MATCH = YES;
				CODE_SIGN_IDENTITY = "iPhone Developer";
				COPY_PHASE_STRIP = NO;
				DEBUG_INFORMATION_FORMAT = dwarf;
				ENABLE_STRICT_OBJC_MSGSEND = YES;
				ENABLE_TESTABILITY = YES;
				GCC_C_LANGUAGE_STANDARD = gnu11;
				GCC_DYNAMIC_NO_PIC = NO;
				GCC_NO_COMMON_BLOCKS = YES;
				GCC_OPTIMIZATION_LEVEL = 0;
				GCC_PREPROCESSOR_DEFINITIONS = (
					"DEBUG=1",
					"$(inherited)",
				);
				GCC_WARN_64_TO_32_BIT_CONVERSION = YES;
				GCC_WARN_ABOUT_RETURN_TYPE = YES_ERROR;
				GCC_WARN_UNDECLARED_SELECTOR = YES;
				GCC_WARN_UNINITIALIZED_AUTOS = YES_AGGRESSIVE;
				GCC_WARN_UNUSED_FUNCTION = YES;
				GCC_WARN_UNUSED_VARIABLE = YES;
				IPHONEOS_DEPLOYMENT_TARGET = 11.4;
				MTL_ENABLE_DEBUG_INFO = YES;
				ONLY_ACTIVE_ARCH = YES;
				SDKROOT = iphoneos;
				SWIFT_ACTIVE_COMPILATION_CONDITIONS = DEBUG;
				SWIFT_OPTIMIZATION_LEVEL = "-Onone";
			};
			name = Debug;
		};
		A9FFDE9B21483A0700FF0CED /* Release */ = {
			isa = XCBuildConfiguration;
			buildSettings = {
				ALWAYS_SEARCH_USER_PATHS = NO;
				CLANG_ANALYZER_NONNULL = YES;
				CLANG_ANALYZER_NUMBER_OBJECT_CONVERSION = YES_AGGRESSIVE;
				CLANG_CXX_LANGUAGE_STANDARD = "gnu++14";
				CLANG_CXX_LIBRARY = "libc++";
				CLANG_ENABLE_MODULES = YES;
				CLANG_ENABLE_OBJC_ARC = YES;
				CLANG_ENABLE_OBJC_WEAK = YES;
				CLANG_WARN_BLOCK_CAPTURE_AUTORELEASING = YES;
				CLANG_WARN_BOOL_CONVERSION = YES;
				CLANG_WARN_COMMA = YES;
				CLANG_WARN_CONSTANT_CONVERSION = YES;
				CLANG_WARN_DEPRECATED_OBJC_IMPLEMENTATIONS = YES;
				CLANG_WARN_DIRECT_OBJC_ISA_USAGE = YES_ERROR;
				CLANG_WARN_DOCUMENTATION_COMMENTS = YES;
				CLANG_WARN_EMPTY_BODY = YES;
				CLANG_WARN_ENUM_CONVERSION = YES;
				CLANG_WARN_INFINITE_RECURSION = YES;
				CLANG_WARN_INT_CONVERSION = YES;
				CLANG_WARN_NON_LITERAL_NULL_CONVERSION = YES;
				CLANG_WARN_OBJC_IMPLICIT_RETAIN_SELF = YES;
				CLANG_WARN_OBJC_LITERAL_CONVERSION = YES;
				CLANG_WARN_OBJC_ROOT_CLASS = YES_ERROR;
				CLANG_WARN_RANGE_LOOP_ANALYSIS = YES;
				CLANG_WARN_STRICT_PROTOTYPES = YES;
				CLANG_WARN_SUSPICIOUS_MOVE = YES;
				CLANG_WARN_UNGUARDED_AVAILABILITY = YES_AGGRESSIVE;
				CLANG_WARN_UNREACHABLE_CODE = YES;
				CLANG_WARN__DUPLICATE_METHOD_MATCH = YES;
				CODE_SIGN_IDENTITY = "iPhone Developer";
				COPY_PHASE_STRIP = NO;
				DEBUG_INFORMATION_FORMAT = "dwarf-with-dsym";
				ENABLE_NS_ASSERTIONS = NO;
				ENABLE_STRICT_OBJC_MSGSEND = YES;
				GCC_C_LANGUAGE_STANDARD = gnu11;
				GCC_NO_COMMON_BLOCKS = YES;
				GCC_WARN_64_TO_32_BIT_CONVERSION = YES;
				GCC_WARN_ABOUT_RETURN_TYPE = YES_ERROR;
				GCC_WARN_UNDECLARED_SELECTOR = YES;
				GCC_WARN_UNINITIALIZED_AUTOS = YES_AGGRESSIVE;
				GCC_WARN_UNUSED_FUNCTION = YES;
				GCC_WARN_UNUSED_VARIABLE = YES;
				IPHONEOS_DEPLOYMENT_TARGET = 11.4;
				MTL_ENABLE_DEBUG_INFO = NO;
				SDKROOT = iphoneos;
				SWIFT_COMPILATION_MODE = wholemodule;
				SWIFT_OPTIMIZATION_LEVEL = "-O";
				VALIDATE_PRODUCT = YES;
			};
			name = Release;
		};
		A9FFDE9D21483A0700FF0CED /* Debug */ = {
			isa = XCBuildConfiguration;
			buildSettings = {
				ASSETCATALOG_COMPILER_APPICON_NAME = AppIcon;
				CODE_SIGN_STYLE = Automatic;
				DEVELOPMENT_TEAM = ZZGJ2UYWJY;
				INFOPLIST_FILE = "voxreducer-swift/Info.plist";
				LD_RUNPATH_SEARCH_PATHS = (
					"$(inherited)",
					"@executable_path/Frameworks",
				);
				PRODUCT_BUNDLE_IDENTIFIER = "com.loudsoftware.voxreducer-swift";
				PRODUCT_NAME = "$(TARGET_NAME)";
				SWIFT_VERSION = 4.0;
				TARGETED_DEVICE_FAMILY = "1,2";
			};
			name = Debug;
		};
		A9FFDE9E21483A0700FF0CED /* Release */ = {
			isa = XCBuildConfiguration;
			buildSettings = {
				ASSETCATALOG_COMPILER_APPICON_NAME = AppIcon;
				CODE_SIGN_STYLE = Automatic;
				DEVELOPMENT_TEAM = ZZGJ2UYWJY;
				INFOPLIST_FILE = "voxreducer-swift/Info.plist";
				LD_RUNPATH_SEARCH_PATHS = (
					"$(inherited)",
					"@executable_path/Frameworks",
				);
				PRODUCT_BUNDLE_IDENTIFIER = "com.loudsoftware.voxreducer-swift";
				PRODUCT_NAME = "$(TARGET_NAME)";
				SWIFT_VERSION = 4.0;
				TARGETED_DEVICE_FAMILY = "1,2";
			};
			name = Release;
		};
		A9FFDEA021483A0700FF0CED /* Debug */ = {
			isa = XCBuildConfiguration;
			buildSettings = {
				ALWAYS_EMBED_SWIFT_STANDARD_LIBRARIES = YES;
				BUNDLE_LOADER = "$(TEST_HOST)";
				CODE_SIGN_STYLE = Automatic;
				DEVELOPMENT_TEAM = ZZGJ2UYWJY;
				INFOPLIST_FILE = "voxreducer-swiftTests/Info.plist";
				LD_RUNPATH_SEARCH_PATHS = (
					"$(inherited)",
					"@executable_path/Frameworks",
					"@loader_path/Frameworks",
				);
				PRODUCT_BUNDLE_IDENTIFIER = "com.loudsoftware.voxreducer-swiftTests";
				PRODUCT_NAME = "$(TARGET_NAME)";
				SWIFT_VERSION = 4.0;
				TARGETED_DEVICE_FAMILY = "1,2";
				TEST_HOST = "$(BUILT_PRODUCTS_DIR)/voxreducer-swift.app/voxreducer-swift";
			};
			name = Debug;
		};
		A9FFDEA121483A0700FF0CED /* Release */ = {
			isa = XCBuildConfiguration;
			buildSettings = {
				ALWAYS_EMBED_SWIFT_STANDARD_LIBRARIES = YES;
				BUNDLE_LOADER = "$(TEST_HOST)";
				CODE_SIGN_STYLE = Automatic;
				DEVELOPMENT_TEAM = ZZGJ2UYWJY;
				INFOPLIST_FILE = "voxreducer-swiftTests/Info.plist";
				LD_RUNPATH_SEARCH_PATHS = (
					"$(inherited)",
					"@executable_path/Frameworks",
					"@loader_path/Frameworks",
				);
				PRODUCT_BUNDLE_IDENTIFIER = "com.loudsoftware.voxreducer-swiftTests";
				PRODUCT_NAME = "$(TARGET_NAME)";
				SWIFT_VERSION = 4.0;
				TARGETED_DEVICE_FAMILY = "1,2";
				TEST_HOST = "$(BUILT_PRODUCTS_DIR)/voxreducer-swift.app/voxreducer-swift";
			};
			name = Release;
		};
		A9FFDEA321483A0700FF0CED /* Debug */ = {
			isa = XCBuildConfiguration;
			buildSettings = {
				ALWAYS_EMBED_SWIFT_STANDARD_LIBRARIES = YES;
				CODE_SIGN_STYLE = Automatic;
				DEVELOPMENT_TEAM = ZZGJ2UYWJY;
				INFOPLIST_FILE = "voxreducer-swiftUITests/Info.plist";
				LD_RUNPATH_SEARCH_PATHS = (
					"$(inherited)",
					"@executable_path/Frameworks",
					"@loader_path/Frameworks",
				);
				PRODUCT_BUNDLE_IDENTIFIER = "com.loudsoftware.voxreducer-swiftUITests";
				PRODUCT_NAME = "$(TARGET_NAME)";
				SWIFT_VERSION = 4.0;
				TARGETED_DEVICE_FAMILY = "1,2";
				TEST_TARGET_NAME = "voxreducer-swift";
			};
			name = Debug;
		};
		A9FFDEA421483A0700FF0CED /* Release */ = {
			isa = XCBuildConfiguration;
			buildSettings = {
				ALWAYS_EMBED_SWIFT_STANDARD_LIBRARIES = YES;
				CODE_SIGN_STYLE = Automatic;
				DEVELOPMENT_TEAM = ZZGJ2UYWJY;
				INFOPLIST_FILE = "voxreducer-swiftUITests/Info.plist";
				LD_RUNPATH_SEARCH_PATHS = (
					"$(inherited)",
					"@executable_path/Frameworks",
					"@loader_path/Frameworks",
				);
				PRODUCT_BUNDLE_IDENTIFIER = "com.loudsoftware.voxreducer-swiftUITests";
				PRODUCT_NAME = "$(TARGET_NAME)";
				SWIFT_VERSION = 4.0;
				TARGETED_DEVICE_FAMILY = "1,2";
				TEST_TARGET_NAME = "voxreducer-swift";
			};
			name = Release;
		};
/* End XCBuildConfiguration section */

/* Begin XCConfigurationList section */
		A9FFDE6F21483A0500FF0CED /* Build configuration list for PBXProject "voxreducer-swift" */ = {
			isa = XCConfigurationList;
			buildConfigurations = (
				A9FFDE9A21483A0700FF0CED /* Debug */,
				A9FFDE9B21483A0700FF0CED /* Release */,
			);
			defaultConfigurationIsVisible = 0;
			defaultConfigurationName = Release;
		};
		A9FFDE9C21483A0700FF0CED /* Build configuration list for PBXNativeTarget "voxreducer-swift" */ = {
			isa = XCConfigurationList;
			buildConfigurations = (
				A9FFDE9D21483A0700FF0CED /* Debug */,
				A9FFDE9E21483A0700FF0CED /* Release */,
			);
			defaultConfigurationIsVisible = 0;
			defaultConfigurationName = Release;
		};
		A9FFDE9F21483A0700FF0CED /* Build configuration list for PBXNativeTarget "voxreducer-swiftTests" */ = {
			isa = XCConfigurationList;
			buildConfigurations = (
				A9FFDEA021483A0700FF0CED /* Debug */,
				A9FFDEA121483A0700FF0CED /* Release */,
			);
			defaultConfigurationIsVisible = 0;
			defaultConfigurationName = Release;
		};
		A9FFDEA221483A0700FF0CED /* Build configuration list for PBXNativeTarget "voxreducer-swiftUITests" */ = {
			isa = XCConfigurationList;
			buildConfigurations = (
				A9FFDEA321483A0700FF0CED /* Debug */,
				A9FFDEA421483A0700FF0CED /* Release */,
			);
			defaultConfigurationIsVisible = 0;
			defaultConfigurationName = Release;
		};
/* End XCConfigurationList section */
	};
	rootObject = A9FFDE6C21483A0500FF0CED /* Project object */;
}
